
Microsoft Visual Studio Solution File, Format Version 12.00
# Visual Studio Version 17
VisualStudioVersion = 17.7.34031.279
MinimumVisualStudioVersion = 10.0.40219.1
Project("{FAE04EC0-301F-11D3-BF4B-00C04F79EFBC}") = "If_Statements_2", "If_Statements_2.csproj", "{223FCEBA-8149-4D66-89F0-E85257D5342B}"
EndProject
Global
	GlobalSection(SolutionConfigurationPlatforms) = preSolution
		Debug|Any CPU = Debug|Any CPU
		Release|Any CPU = Release|Any CPU
	EndGlobalSection
	GlobalSection(ProjectConfigurationPlatforms) = postSolution
		{223FCEBA-8149-4D66-89F0-E85257D5342B}.Debug|Any CPU.ActiveCfg = Debug|Any CPU
		{223FCEBA-8149-4D66-89F0-E85257D5342B}.Debug|Any CPU.Build.0 = Debug|Any CPU
		{223FCEBA-8149-4D66-89F0-E85257D5342B}.Release|Any CPU.ActiveCfg = Release|Any CPU
		{223FCEBA-8149-4D66-89F0-E85257D5342B}.Release|Any CPU.Build.0 = Release|Any CPU
	EndGlobalSection
	GlobalSection(SolutionProperties) = preSolution
		HideSolutionNode = FALSE
	EndGlobalSection
	GlobalSection(ExtensibilityGlobals) = postSolution
		SolutionGuid = {62698A7A-8047-44EB-B058-15E6DDDFFCBD}
	EndGlobalSection
EndGlobal
